
Microsoft Visual Studio Solution File, Format Version 12.00
# Visual Studio Version 17
VisualStudioVersion = 17.4.33213.308
MinimumVisualStudioVersion = 10.0.40219.1
Project("{FAE04EC0-301F-11D3-BF4B-00C04F79EFBC}") = "ConsoleApp34", "ConsoleApp34.csproj", "{2AFCFCF8-D827-4D49-8E23-076166688115}"
EndProject
Global
	GlobalSection(SolutionConfigurationPlatforms) = preSolution
		Debug|Any CPU = Debug|Any CPU
		Release|Any CPU = Release|Any CPU
	EndGlobalSection
	GlobalSection(ProjectConfigurationPlatforms) = postSolution
		{2AFCFCF8-D827-4D49-8E23-076166688115}.Debug|Any CPU.ActiveCfg = Debug|Any CPU
		{2AFCFCF8-D827-4D49-8E23-076166688115}.Debug|Any CPU.Build.0 = Debug|Any CPU
		{2AFCFCF8-D827-4D49-8E23-076166688115}.Release|Any CPU.ActiveCfg = Release|Any CPU
		{2AFCFCF8-D827-4D49-8E23-076166688115}.Release|Any CPU.Build.0 = Release|Any CPU
	EndGlobalSection
	GlobalSection(SolutionProperties) = preSolution
		HideSolutionNode = FALSE
	EndGlobalSection
	GlobalSection(ExtensibilityGlobals) = postSolution
		SolutionGuid = {B04AC49F-5729-4B71-8973-840231F41FF3}
	EndGlobalSection
EndGlobal
